
Microsoft Visual Studio Solution File, Format Version 12.00
# Visual Studio Version 16
VisualStudioVersion = 16.0.30907.101
MinimumVisualStudioVersion = 10.0.40219.1
Project("{FAE04EC0-301F-11D3-BF4B-00C04F79EFBC}") = "convert various value types to string type", "convert various value types to string type\convert various value types to string type.csproj", "{C272B440-9EFB-4C64-86CF-F0076B76BF37}"
EndProject
Global
	GlobalSection(SolutionConfigurationPlatforms) = preSolution
		Debug|Any CPU = Debug|Any CPU
		Release|Any CPU = Release|Any CPU
	EndGlobalSection
	GlobalSection(ProjectConfigurationPlatforms) = postSolution
		{C272B440-9EFB-4C64-86CF-F0076B76BF37}.Debug|Any CPU.ActiveCfg = Debug|Any CPU
		{C272B440-9EFB-4C64-86CF-F0076B76BF37}.Debug|Any CPU.Build.0 = Debug|Any CPU
		{C272B440-9EFB-4C64-86CF-F0076B76BF37}.Release|Any CPU.ActiveCfg = Release|Any CPU
		{C272B440-9EFB-4C64-86CF-F0076B76BF37}.Release|Any CPU.Build.0 = Release|Any CPU
	EndGlobalSection
	GlobalSection(SolutionProperties) = preSolution
		HideSolutionNode = FALSE
	EndGlobalSection
	GlobalSection(ExtensibilityGlobals) = postSolution
		SolutionGuid = {4A8B0688-4980-4593-BB18-99D47A5C8653}
	EndGlobalSection
EndGlobal
