
Microsoft Visual Studio Solution File, Format Version 12.00
# Visual Studio Version 16
VisualStudioVersion = 16.0.30907.101
MinimumVisualStudioVersion = 10.0.40219.1
Project("{FAE04EC0-301F-11D3-BF4B-00C04F79EFBC}") = "defining and using a constant", "defining and using a constant\defining and using a constant.csproj", "{786EAEDF-6588-4005-AD97-D5074776AA1A}"
EndProject
Global
	GlobalSection(SolutionConfigurationPlatforms) = preSolution
		Debug|Any CPU = Debug|Any CPU
		Release|Any CPU = Release|Any CPU
	EndGlobalSection
	GlobalSection(ProjectConfigurationPlatforms) = postSolution
		{786EAEDF-6588-4005-AD97-D5074776AA1A}.Debug|Any CPU.ActiveCfg = Debug|Any CPU
		{786EAEDF-6588-4005-AD97-D5074776AA1A}.Debug|Any CPU.Build.0 = Debug|Any CPU
		{786EAEDF-6588-4005-AD97-D5074776AA1A}.Release|Any CPU.ActiveCfg = Release|Any CPU
		{786EAEDF-6588-4005-AD97-D5074776AA1A}.Release|Any CPU.Build.0 = Release|Any CPU
	EndGlobalSection
	GlobalSection(SolutionProperties) = preSolution
		HideSolutionNode = FALSE
	EndGlobalSection
	GlobalSection(ExtensibilityGlobals) = postSolution
		SolutionGuid = {A2E9F9C2-86DF-4A6A-B5B1-0DFF8FDDB9BF}
	EndGlobalSection
EndGlobal
