
Microsoft Visual Studio Solution File, Format Version 12.00
# Visual Studio Version 16
VisualStudioVersion = 16.0.30907.101
MinimumVisualStudioVersion = 10.0.40219.1
Project("{FAE04EC0-301F-11D3-BF4B-00C04F79EFBC}") = "StringConcat", "StringConcat\StringConcat.csproj", "{D86CB3CF-58C4-41C5-9A33-330E0CD4D292}"
EndProject
Global
	GlobalSection(SolutionConfigurationPlatforms) = preSolution
		Debug|Any CPU = Debug|Any CPU
		Release|Any CPU = Release|Any CPU
	EndGlobalSection
	GlobalSection(ProjectConfigurationPlatforms) = postSolution
		{D86CB3CF-58C4-41C5-9A33-330E0CD4D292}.Debug|Any CPU.ActiveCfg = Debug|Any CPU
		{D86CB3CF-58C4-41C5-9A33-330E0CD4D292}.Debug|Any CPU.Build.0 = Debug|Any CPU
		{D86CB3CF-58C4-41C5-9A33-330E0CD4D292}.Release|Any CPU.ActiveCfg = Release|Any CPU
		{D86CB3CF-58C4-41C5-9A33-330E0CD4D292}.Release|Any CPU.Build.0 = Release|Any CPU
	EndGlobalSection
	GlobalSection(SolutionProperties) = preSolution
		HideSolutionNode = FALSE
	EndGlobalSection
	GlobalSection(ExtensibilityGlobals) = postSolution
		SolutionGuid = {38EBEA82-02AD-4295-96E3-2EB0C004065B}
	EndGlobalSection
EndGlobal
