
Microsoft Visual Studio Solution File, Format Version 12.00
# Visual Studio Version 16
VisualStudioVersion = 16.0.30907.101
MinimumVisualStudioVersion = 10.0.40219.1
Project("{FAE04EC0-301F-11D3-BF4B-00C04F79EFBC}") = "use constructor", "use constructor.csproj", "{0A32832A-17CA-4DFE-AD86-391C50BBE040}"
EndProject
Global
	GlobalSection(SolutionConfigurationPlatforms) = preSolution
		Debug|Any CPU = Debug|Any CPU
		Release|Any CPU = Release|Any CPU
	EndGlobalSection
	GlobalSection(ProjectConfigurationPlatforms) = postSolution
		{0A32832A-17CA-4DFE-AD86-391C50BBE040}.Debug|Any CPU.ActiveCfg = Debug|Any CPU
		{0A32832A-17CA-4DFE-AD86-391C50BBE040}.Debug|Any CPU.Build.0 = Debug|Any CPU
		{0A32832A-17CA-4DFE-AD86-391C50BBE040}.Release|Any CPU.ActiveCfg = Release|Any CPU
		{0A32832A-17CA-4DFE-AD86-391C50BBE040}.Release|Any CPU.Build.0 = Release|Any CPU
	EndGlobalSection
	GlobalSection(SolutionProperties) = preSolution
		HideSolutionNode = FALSE
	EndGlobalSection
	GlobalSection(ExtensibilityGlobals) = postSolution
		SolutionGuid = {5FF4D003-69E3-4118-8E00-05C888770E75}
	EndGlobalSection
EndGlobal
